
Microsoft Visual Studio Solution File, Format Version 12.00
# Visual Studio Version 17
VisualStudioVersion = 17.14.36930.0 d17.14
MinimumVisualStudioVersion = 10.0.40219.1
Project("{FAE04EC0-301F-11D3-BF4B-00C04F79EFBC}") = "paczkomat", "paczkomat.csproj", "{9070E206-C092-49E6-B5DF-AE07F1B0CD14}"
EndProject
Global
	GlobalSection(SolutionConfigurationPlatforms) = preSolution
		Debug|Any CPU = Debug|Any CPU
		Release|Any CPU = Release|Any CPU
	EndGlobalSection
	GlobalSection(ProjectConfigurationPlatforms) = postSolution
		{9070E206-C092-49E6-B5DF-AE07F1B0CD14}.Debug|Any CPU.ActiveCfg = Debug|Any CPU
		{9070E206-C092-49E6-B5DF-AE07F1B0CD14}.Debug|Any CPU.Build.0 = Debug|Any CPU
		{9070E206-C092-49E6-B5DF-AE07F1B0CD14}.Release|Any CPU.ActiveCfg = Release|Any CPU
		{9070E206-C092-49E6-B5DF-AE07F1B0CD14}.Release|Any CPU.Build.0 = Release|Any CPU
	EndGlobalSection
	GlobalSection(SolutionProperties) = preSolution
		HideSolutionNode = FALSE
	EndGlobalSection
	GlobalSection(ExtensibilityGlobals) = postSolution
		SolutionGuid = {105E1955-6D7F-4E09-90E2-4AC20A3CB653}
	EndGlobalSection
EndGlobal
